{
  "name": "addis-coffe",
  "lockfileVersion": 3,
  "requires": true,
  "packages": {
    "": {
      "dependencies": {
        "react-icons": "^4.12.0",
        "react-silk": "^0.0.1",
        "remixicon": "^4.0.1",
        "slick-carousel": "^1.8.1"
      }
    },
    "node_modules/react-icons": {
      "version": "4.12.0",
      "resolved": "https://registry.npmjs.org/react-icons/-/react-icons-4.12.0.tgz",
      "integrity": "sha512-IBaDuHiShdZqmfc/TwHu6+d6k2ltNCf3AszxNmjJc1KUfXdEeRJOKyNvLmAHaarhzGmTSVygNdyu8/opXv2gaw==",
      "peerDependencies": {
        "react": "*"
      }
    },
    "node_modules/react-silk": {
      "version": "0.0.1",
      "resolved": "https://registry.npmjs.org/react-silk/-/react-silk-0.0.1.tgz",
      "integrity": "sha512-jhIi8pqeDXaO37JcvcNWLCG+SOqs9B2qAZEuXmNWPHvRWp2u4L/P3WBLb710e7MhMrtDXVcBufd9Q7O3YDDmJg=="
    },
    "node_modules/remixicon": {
      "version": "4.0.1",
      "resolved": "https://registry.npmjs.org/remixicon/-/remixicon-4.0.1.tgz",
      "integrity": "sha512-Apa13Q01mFIuQEMvSVni8NnF9cV0vud9YXb2prQ+g3jmWpxKoFCL+yIiQ+9JCeLptdGKyoqVjCYOwwBQVHdciQ=="
    },
    "node_modules/slick-carousel": {
      "version": "1.8.1",
      "resolved": "https://registry.npmjs.org/slick-carousel/-/slick-carousel-1.8.1.tgz",
      "integrity": "sha512-XB9Ftrf2EEKfzoQXt3Nitrt/IPbT+f1fgqBdoxO3W/+JYvtEOW6EgxnWfr9GH6nmULv7Y2tPmEX3koxThVmebA==",
      "peerDependencies": {
        "jquery": ">=1.8.0"
      }
    }
  }
}
